
Microsoft Visual Studio Solution File, Format Version 12.00
# Visual Studio Version 17
VisualStudioVersion = 17.6.33815.320
MinimumVisualStudioVersion = 10.0.40219.1
Project("{9A19103F-16F7-4668-BE54-9A1E7A4F7556}") = "ECommerceProject.API", "ECommerceProject.API\ECommerceProject.API.csproj", "{B271EFB7-19AB-4685-B68E-DDE621DB588F}"
EndProject
Project("{9A19103F-16F7-4668-BE54-9A1E7A4F7556}") = "ECommerceProject.Service", "ECommerceProject.Services\ECommerceProject.Service.csproj", "{42AB0B84-23C8-4C21-9678-2258DC82ED4D}"
EndProject
Project("{9A19103F-16F7-4668-BE54-9A1E7A4F7556}") = "ECommerceProject.DAL", "ECommerceProject.DAL\ECommerceProject.DAL.csproj", "{99C05EAB-00A1-40D3-BC2D-834375CB6856}"
EndProject
Global
	GlobalSection(SolutionConfigurationPlatforms) = preSolution
		Debug|Any CPU = Debug|Any CPU
		Release|Any CPU = Release|Any CPU
	EndGlobalSection
	GlobalSection(ProjectConfigurationPlatforms) = postSolution
		{B271EFB7-19AB-4685-B68E-DDE621DB588F}.Debug|Any CPU.ActiveCfg = Debug|Any CPU
		{B271EFB7-19AB-4685-B68E-DDE621DB588F}.Debug|Any CPU.Build.0 = Debug|Any CPU
		{B271EFB7-19AB-4685-B68E-DDE621DB588F}.Release|Any CPU.ActiveCfg = Release|Any CPU
		{B271EFB7-19AB-4685-B68E-DDE621DB588F}.Release|Any CPU.Build.0 = Release|Any CPU
		{42AB0B84-23C8-4C21-9678-2258DC82ED4D}.Debug|Any CPU.ActiveCfg = Debug|Any CPU
		{42AB0B84-23C8-4C21-9678-2258DC82ED4D}.Debug|Any CPU.Build.0 = Debug|Any CPU
		{42AB0B84-23C8-4C21-9678-2258DC82ED4D}.Release|Any CPU.ActiveCfg = Release|Any CPU
		{42AB0B84-23C8-4C21-9678-2258DC82ED4D}.Release|Any CPU.Build.0 = Release|Any CPU
		{99C05EAB-00A1-40D3-BC2D-834375CB6856}.Debug|Any CPU.ActiveCfg = Debug|Any CPU
		{99C05EAB-00A1-40D3-BC2D-834375CB6856}.Debug|Any CPU.Build.0 = Debug|Any CPU
		{99C05EAB-00A1-40D3-BC2D-834375CB6856}.Release|Any CPU.ActiveCfg = Release|Any CPU
		{99C05EAB-00A1-40D3-BC2D-834375CB6856}.Release|Any CPU.Build.0 = Release|Any CPU
	EndGlobalSection
	GlobalSection(SolutionProperties) = preSolution
		HideSolutionNode = FALSE
	EndGlobalSection
	GlobalSection(ExtensibilityGlobals) = postSolution
		SolutionGuid = {FDF8B2AE-9CF8-4CC2-820F-3A7AC81332FC}
	EndGlobalSection
EndGlobal
