
Microsoft Visual Studio Solution File, Format Version 12.00
# Visual Studio Version 17
VisualStudioVersion = 17.6.33815.320
MinimumVisualStudioVersion = 10.0.40219.1
Project("{9A19103F-16F7-4668-BE54-9A1E7A4F7556}") = "ECommerceProject.DAL", "DAL\ECommerceProject.DAL.csproj", "{CAEEC5E3-C2F9-42E3-B9DA-7C16B64944EF}"
EndProject
Project("{9A19103F-16F7-4668-BE54-9A1E7A4F7556}") = "ECommerceProject.Service", "GlobalEntity\ECommerceProject.Service.csproj", "{7D9E26DB-8E1B-422C-91E7-3A022C324AE2}"
EndProject
Project("{9A19103F-16F7-4668-BE54-9A1E7A4F7556}") = "ECommerceProject.API", "ECommerceProject.API\ECommerceProject.API.csproj", "{B271EFB7-19AB-4685-B68E-DDE621DB588F}"
EndProject
Global
	GlobalSection(SolutionConfigurationPlatforms) = preSolution
		Debug|Any CPU = Debug|Any CPU
		Release|Any CPU = Release|Any CPU
	EndGlobalSection
	GlobalSection(ProjectConfigurationPlatforms) = postSolution
		{CAEEC5E3-C2F9-42E3-B9DA-7C16B64944EF}.Debug|Any CPU.ActiveCfg = Debug|Any CPU
		{CAEEC5E3-C2F9-42E3-B9DA-7C16B64944EF}.Debug|Any CPU.Build.0 = Debug|Any CPU
		{CAEEC5E3-C2F9-42E3-B9DA-7C16B64944EF}.Release|Any CPU.ActiveCfg = Release|Any CPU
		{CAEEC5E3-C2F9-42E3-B9DA-7C16B64944EF}.Release|Any CPU.Build.0 = Release|Any CPU
		{7D9E26DB-8E1B-422C-91E7-3A022C324AE2}.Debug|Any CPU.ActiveCfg = Debug|Any CPU
		{7D9E26DB-8E1B-422C-91E7-3A022C324AE2}.Debug|Any CPU.Build.0 = Debug|Any CPU
		{7D9E26DB-8E1B-422C-91E7-3A022C324AE2}.Release|Any CPU.ActiveCfg = Release|Any CPU
		{7D9E26DB-8E1B-422C-91E7-3A022C324AE2}.Release|Any CPU.Build.0 = Release|Any CPU
		{B271EFB7-19AB-4685-B68E-DDE621DB588F}.Debug|Any CPU.ActiveCfg = Debug|Any CPU
		{B271EFB7-19AB-4685-B68E-DDE621DB588F}.Debug|Any CPU.Build.0 = Debug|Any CPU
		{B271EFB7-19AB-4685-B68E-DDE621DB588F}.Release|Any CPU.ActiveCfg = Release|Any CPU
		{B271EFB7-19AB-4685-B68E-DDE621DB588F}.Release|Any CPU.Build.0 = Release|Any CPU
	EndGlobalSection
	GlobalSection(SolutionProperties) = preSolution
		HideSolutionNode = FALSE
	EndGlobalSection
	GlobalSection(ExtensibilityGlobals) = postSolution
		SolutionGuid = {FDF8B2AE-9CF8-4CC2-820F-3A7AC81332FC}
	EndGlobalSection
EndGlobal
